// !$*UTF8*$!
{
	archiveVersion = 1;
	classes = {
	};
	objectVersion = 46;
	objects = {

/* Begin PBXBuildFile section */
		B62D16671ED3096E005E8185 /* AppDelegate.swift in Sources */ = {isa = PBXBuildFile; fileRef = B62D16661ED3096E005E8185 /* AppDelegate.swift */; };
		B62D166C1ED3096F005E8185 /* Main.storyboard in Resources */ = {isa = PBXBuildFile; fileRef = B62D166A1ED3096F005E8185 /* Main.storyboard */; };
		B62D166E1ED3096F005E8185 /* Assets.xcassets in Resources */ = {isa = PBXBuildFile; fileRef = B62D166D1ED3096F005E8185 /* Assets.xcassets */; };
		B62D16711ED3096F005E8185 /* LaunchScreen.storyboard in Resources */ = {isa = PBXBuildFile; fileRef = B62D166F1ED3096F005E8185 /* LaunchScreen.storyboard */; };
		B6EA7BB81ED30B5400DCE3FE /* CakeTableViewController.swift in Sources */ = {isa = PBXBuildFile; fileRef = B6EA7BB71ED30B5400DCE3FE /* CakeTableViewController.swift */; };
		B6EA7BBA1ED30C4400DCE3FE /* CakeTableViewCell.swift in Sources */ = {isa = PBXBuildFile; fileRef = B6EA7BB91ED30C4400DCE3FE /* CakeTableViewCell.swift */; };
/* End PBXBuildFile section */

/* Begin PBXFileReference section */
		B62D16631ED3096E005E8185 /* SimpleNetwork.app */ = {isa = PBXFileReference; explicitFileType = wrapper.application; includeInIndex = 0; path = SimpleNetwork.app; sourceTree = BUILT_PRODUCTS_DIR; };
		B62D16661ED3096E005E8185 /* AppDelegate.swift */ = {isa = PBXFileReference; lastKnownFileType = sourcecode.swift; path = AppDelegate.swift; sourceTree = "<group>"; };
		B62D166B1ED3096F005E8185 /* Base */ = {isa = PBXFileReference; lastKnownFileType = file.storyboard; name = Base; path = Base.lproj/Main.storyboard; sourceTree = "<group>"; };
		B62D166D1ED3096F005E8185 /* Assets.xcassets */ = {isa = PBXFileReference; lastKnownFileType = folder.assetcatalog; path = Assets.xcassets; sourceTree = "<group>"; };
		B62D16701ED3096F005E8185 /* Base */ = {isa = PBXFileReference; lastKnownFileType = file.storyboard; name = Base; path = Base.lproj/LaunchScreen.storyboard; sourceTree = "<group>"; };
		B62D16721ED3096F005E8185 /* Info.plist */ = {isa = PBXFileReference; lastKnownFileType = text.plist.xml; path = Info.plist; sourceTree = "<group>"; };
		B6EA7BB71ED30B5400DCE3FE /* CakeTableViewController.swift */ = {isa = PBXFileReference; fileEncoding = 4; lastKnownFileType = sourcecode.swift; path = CakeTableViewController.swift; sourceTree = "<group>"; };
		B6EA7BB91ED30C4400DCE3FE /* CakeTableViewCell.swift */ = {isa = PBXFileReference; fileEncoding = 4; lastKnownFileType = sourcecode.swift; path = CakeTableViewCell.swift; sourceTree = "<group>"; };
/* End PBXFileReference section */

/* Begin PBXFrameworksBuildPhase section */
		B62D16601ED3096E005E8185 /* Frameworks */ = {
			isa = PBXFrameworksBuildPhase;
			buildActionMask = 2147483647;
			files = (
			);
			runOnlyForDeploymentPostprocessing = 0;
		};
/* End PBXFrameworksBuildPhase section */

/* Begin PBXGroup section */
		B62D165A1ED3096E005E8185 = {
			isa = PBXGroup;
			children = (
				B62D16651ED3096E005E8185 /* SimpleNetwork */,
				B62D16641ED3096E005E8185 /* Products */,
			);
			sourceTree = "<group>";
		};
		B62D16641ED3096E005E8185 /* Products */ = {
			isa = PBXGroup;
			children = (
				B62D16631ED3096E005E8185 /* SimpleNetwork.app */,
			);
			name = Products;
			sourceTree = "<group>";
		};
		B62D16651ED3096E005E8185 /* SimpleNetwork */ = {
			isa = PBXGroup;
			children = (
				B62D16661ED3096E005E8185 /* AppDelegate.swift */,
				B6EA7BB71ED30B5400DCE3FE /* CakeTableViewController.swift */,
				B6EA7BB91ED30C4400DCE3FE /* CakeTableViewCell.swift */,
				B62D166A1ED3096F005E8185 /* Main.storyboard */,
				B62D166D1ED3096F005E8185 /* Assets.xcassets */,
				B62D166F1ED3096F005E8185 /* LaunchScreen.storyboard */,
				B62D16721ED3096F005E8185 /* Info.plist */,
			);
			path = SimpleNetwork;
			sourceTree = "<group>";
		};
/* End PBXGroup section */

/* Begin PBXNativeTarget section */
		B62D16621ED3096E005E8185 /* SimpleNetwork */ = {
			isa = PBXNativeTarget;
			buildConfigurationList = B62D16751ED3096F005E8185 /* Build configuration list for PBXNativeTarget "SimpleNetwork" */;
			buildPhases = (
				B62D165F1ED3096E005E8185 /* Sources */,
				B62D16601ED3096E005E8185 /* Frameworks */,
				B62D16611ED3096E005E8185 /* Resources */,
			);
			buildRules = (
			);
			dependencies = (
			);
			name = SimpleNetwork;
			productName = SimpleNetwork;
			productReference = B62D16631ED3096E005E8185 /* SimpleNetwork.app */;
			productType = "com.apple.product-type.application";
		};
/* End PBXNativeTarget section */

/* Begin PBXProject section */
		B62D165B1ED3096E005E8185 /* Project object */ = {
			isa = PBXProject;
			attributes = {
				LastSwiftUpdateCheck = 0830;
				LastUpgradeCheck = 0830;
				ORGANIZATIONNAME = missiondata;
				TargetAttributes = {
					B62D16621ED3096E005E8185 = {
						CreatedOnToolsVersion = 8.3.2;
						DevelopmentTeam = TLA3XB8KJA;
						ProvisioningStyle = Automatic;
					};
				};
			};
			buildConfigurationList = B62D165E1ED3096E005E8185 /* Build configuration list for PBXProject "SimpleNetwork" */;
			compatibilityVersion = "Xcode 3.2";
			developmentRegion = English;
			hasScannedForEncodings = 0;
			knownRegions = (
				en,
				Base,
			);
			mainGroup = B62D165A1ED3096E005E8185;
			productRefGroup = B62D16641ED3096E005E8185 /* Products */;
			projectDirPath = "";
			projectRoot = "";
			targets = (
				B62D16621ED3096E005E8185 /* SimpleNetwork */,
			);
		};
/* End PBXProject section */

/* Begin PBXResourcesBuildPhase section */
		B62D16611ED3096E005E8185 /* Resources */ = {
			isa = PBXResourcesBuildPhase;
			buildActionMask = 2147483647;
			files = (
				B62D16711ED3096F005E8185 /* LaunchScreen.storyboard in Resources */,
				B62D166E1ED3096F005E8185 /* Assets.xcassets in Resources */,
				B62D166C1ED3096F005E8185 /* Main.storyboard in Resources */,
			);
			runOnlyForDeploymentPostprocessing = 0;
		};
/* End PBXResourcesBuildPhase section */

/* Begin PBXSourcesBuildPhase section */
		B62D165F1ED3096E005E8185 /* Sources */ = {
			isa = PBXSourcesBuildPhase;
			buildActionMask = 2147483647;
			files = (
				B6EA7BB81ED30B5400DCE3FE /* CakeTableViewController.swift in Sources */,
				B6EA7BBA1ED30C4400DCE3FE /* CakeTableViewCell.swift in Sources */,
				B62D16671ED3096E005E8185 /* AppDelegate.swift in Sources */,
			);
			runOnlyForDeploymentPostprocessing = 0;
		};
/* End PBXSourcesBuildPhase section */

/* Begin PBXVariantGroup section */
		B62D166A1ED3096F005E8185 /* Main.storyboard */ = {
			isa = PBXVariantGroup;
			children = (
				B62D166B1ED3096F005E8185 /* Base */,
			);
			name = Main.storyboard;
			sourceTree = "<group>";
		};
		B62D166F1ED3096F005E8185 /* LaunchScreen.storyboard */ = {
			isa = PBXVariantGroup;
			children = (
				B62D16701ED3096F005E8185 /* Base */,
			);
			name = LaunchScreen.storyboard;
			sourceTree = "<group>";
		};
/* End PBXVariantGroup section */

/* Begin XCBuildConfiguration section */
		B62D16731ED3096F005E8185 /* Debug */ = {
			isa = XCBuildConfiguration;
			buildSettings = {
				ALWAYS_SEARCH_USER_PATHS = NO;
				CLANG_ANALYZER_NONNULL = YES;
				CLANG_ANALYZER_NUMBER_OBJECT_CONVERSION = YES_AGGRESSIVE;
				CLANG_CXX_LANGUAGE_STANDARD = "gnu++0x";
				CLANG_CXX_LIBRARY = "libc++";
				CLANG_ENABLE_MODULES = YES;
				CLANG_ENABLE_OBJC_ARC = YES;
				CLANG_WARN_BOOL_CONVERSION = YES;
				CLANG_WARN_CONSTANT_CONVERSION = YES;
				CLANG_WARN_DIRECT_OBJC_ISA_USAGE = YES_ERROR;
				CLANG_WARN_DOCUMENTATION_COMMENTS = YES;
				CLANG_WARN_EMPTY_BODY = YES;
				CLANG_WARN_ENUM_CONVERSION = YES;
				CLANG_WARN_INFINITE_RECURSION = YES;
				CLANG_WARN_INT_CONVERSION = YES;
				CLANG_WARN_OBJC_ROOT_CLASS = YES_ERROR;
				CLANG_WARN_SUSPICIOUS_MOVE = YES;
				CLANG_WARN_UNREACHABLE_CODE = YES;
				CLANG_WARN__DUPLICATE_METHOD_MATCH = YES;
				"CODE_SIGN_IDENTITY[sdk=iphoneos*]" = "iPhone Developer";
				COPY_PHASE_STRIP = NO;
				DEBUG_INFORMATION_FORMAT = dwarf;
				ENABLE_STRICT_OBJC_MSGSEND = YES;
				ENABLE_TESTABILITY = YES;
				GCC_C_LANGUAGE_STANDARD = gnu99;
				GCC_DYNAMIC_NO_PIC = NO;
				GCC_NO_COMMON_BLOCKS = YES;
				GCC_OPTIMIZATION_LEVEL = 0;
				GCC_PREPROCESSOR_DEFINITIONS = (
					"DEBUG=1",
					"$(inherited)",
				);
				GCC_WARN_64_TO_32_BIT_CONVERSION = YES;
				GCC_WARN_ABOUT_RETURN_TYPE = YES_ERROR;
				GCC_WARN_UNDECLARED_SELECTOR = YES;
				GCC_WARN_UNINITIALIZED_AUTOS = YES_AGGRESSIVE;
				GCC_WARN_UNUSED_FUNCTION = YES;
				GCC_WARN_UNUSED_VARIABLE = YES;
				IPHONEOS_DEPLOYMENT_TARGET = 10.3;
				MTL_ENABLE_DEBUG_INFO = YES;
				ONLY_ACTIVE_ARCH = YES;
				SDKROOT = iphoneos;
				SWIFT_ACTIVE_COMPILATION_CONDITIONS = DEBUG;
				SWIFT_OPTIMIZATION_LEVEL = "-Onone";
				TARGETED_DEVICE_FAMILY = "1,2";
			};
			name = Debug;
		};
		B62D16741ED3096F005E8185 /* Release */ = {
			isa = XCBuildConfiguration;
			buildSettings = {
				ALWAYS_SEARCH_USER_PATHS = NO;
				CLANG_ANALYZER_NONNULL = YES;
				CLANG_ANALYZER_NUMBER_OBJECT_CONVERSION = YES_AGGRESSIVE;
				CLANG_CXX_LANGUAGE_STANDARD = "gnu++0x";
				CLANG_CXX_LIBRARY = "libc++";
				CLANG_ENABLE_MODULES = YES;
				CLANG_ENABLE_OBJC_ARC = YES;
				CLANG_WARN_BOOL_CONVERSION = YES;
				CLANG_WARN_CONSTANT_CONVERSION = YES;
				CLANG_WARN_DIRECT_OBJC_ISA_USAGE = YES_ERROR;
				CLANG_WARN_DOCUMENTATION_COMMENTS = YES;
				CLANG_WARN_EMPTY_BODY = YES;
				CLANG_WARN_ENUM_CONVERSION = YES;
				CLANG_WARN_INFINITE_RECURSION = YES;
				CLANG_WARN_INT_CONVERSION = YES;
				CLANG_WARN_OBJC_ROOT_CLASS = YES_ERROR;
				CLANG_WARN_SUSPICIOUS_MOVE = YES;
				CLANG_WARN_UNREACHABLE_CODE = YES;
				CLANG_WARN__DUPLICATE_METHOD_MATCH = YES;
				"CODE_SIGN_IDENTITY[sdk=iphoneos*]" = "iPhone Developer";
				COPY_PHASE_STRIP = NO;
				DEBUG_INFORMATION_FORMAT = "dwarf-with-dsym";
				ENABLE_NS_ASSERTIONS = NO;
				ENABLE_STRICT_OBJC_MSGSEND = YES;
				GCC_C_LANGUAGE_STANDARD = gnu99;
				GCC_NO_COMMON_BLOCKS = YES;
				GCC_WARN_64_TO_32_BIT_CONVERSION = YES;
				GCC_WARN_ABOUT_RETURN_TYPE = YES_ERROR;
				GCC_WARN_UNDECLARED_SELECTOR = YES;
				GCC_WARN_UNINITIALIZED_AUTOS = YES_AGGRESSIVE;
				GCC_WARN_UNUSED_FUNCTION = YES;
				GCC_WARN_UNUSED_VARIABLE = YES;
				IPHONEOS_DEPLOYMENT_TARGET = 10.3;
				MTL_ENABLE_DEBUG_INFO = NO;
				SDKROOT = iphoneos;
				SWIFT_OPTIMIZATION_LEVEL = "-Owholemodule";
				TARGETED_DEVICE_FAMILY = "1,2";
				VALIDATE_PRODUCT = YES;
			};
			name = Release;
		};
		B62D16761ED3096F005E8185 /* Debug */ = {
			isa = XCBuildConfiguration;
			buildSettings = {
				ASSETCATALOG_COMPILER_APPICON_NAME = AppIcon;
				DEVELOPMENT_TEAM = TLA3XB8KJA;
				INFOPLIST_FILE = SimpleNetwork/Info.plist;
				LD_RUNPATH_SEARCH_PATHS = "$(inherited) @executable_path/Frameworks";
				PRODUCT_BUNDLE_IDENTIFIER = com.missiondata.SimpleNetwork;
				PRODUCT_NAME = "$(TARGET_NAME)";
				SWIFT_VERSION = 3.0;
			};
			name = Debug;
		};
		B62D16771ED3096F005E8185 /* Release */ = {
			isa = XCBuildConfiguration;
			buildSettings = {
				ASSETCATALOG_COMPILER_APPICON_NAME = AppIcon;
				DEVELOPMENT_TEAM = TLA3XB8KJA;
				INFOPLIST_FILE = SimpleNetwork/Info.plist;
				LD_RUNPATH_SEARCH_PATHS = "$(inherited) @executable_path/Frameworks";
				PRODUCT_BUNDLE_IDENTIFIER = com.missiondata.SimpleNetwork;
				PRODUCT_NAME = "$(TARGET_NAME)";
				SWIFT_VERSION = 3.0;
			};
			name = Release;
		};
/* End XCBuildConfiguration section */

/* Begin XCConfigurationList section */
		B62D165E1ED3096E005E8185 /* Build configuration list for PBXProject "SimpleNetwork" */ = {
			isa = XCConfigurationList;
			buildConfigurations = (
				B62D16731ED3096F005E8185 /* Debug */,
				B62D16741ED3096F005E8185 /* Release */,
			);
			defaultConfigurationIsVisible = 0;
			defaultConfigurationName = Release;
		};
		B62D16751ED3096F005E8185 /* Build configuration list for PBXNativeTarget "SimpleNetwork" */ = {
			isa = XCConfigurationList;
			buildConfigurations = (
				B62D16761ED3096F005E8185 /* Debug */,
				B62D16771ED3096F005E8185 /* Release */,
			);
			defaultConfigurationIsVisible = 0;
			defaultConfigurationName = Release;
		};
/* End XCConfigurationList section */
	};
	rootObject = B62D165B1ED3096E005E8185 /* Project object */;
}
